
Microsoft Visual Studio Solution File, Format Version 12.00
# Visual Studio Version 16
VisualStudioVersion = 16.0.32413.511
MinimumVisualStudioVersion = 10.0.40219.1
Project("{FAE04EC0-301F-11D3-BF4B-00C04F79EFBC}") = "ServicesWeb", "ServicesWeb\ServicesWeb.csproj", "{793FF04D-E9E6-4855-A0E4-E797C1098839}"
EndProject
Global
	GlobalSection(SolutionConfigurationPlatforms) = preSolution
		Debug|Any CPU = Debug|Any CPU
		Release|Any CPU = Release|Any CPU
	EndGlobalSection
	GlobalSection(ProjectConfigurationPlatforms) = postSolution
		{793FF04D-E9E6-4855-A0E4-E797C1098839}.Debug|Any CPU.ActiveCfg = Debug|Any CPU
		{793FF04D-E9E6-4855-A0E4-E797C1098839}.Debug|Any CPU.Build.0 = Debug|Any CPU
		{793FF04D-E9E6-4855-A0E4-E797C1098839}.Release|Any CPU.ActiveCfg = Release|Any CPU
		{793FF04D-E9E6-4855-A0E4-E797C1098839}.Release|Any CPU.Build.0 = Release|Any CPU
	EndGlobalSection
	GlobalSection(SolutionProperties) = preSolution
		HideSolutionNode = FALSE
	EndGlobalSection
	GlobalSection(ExtensibilityGlobals) = postSolution
		SolutionGuid = {AECDC53C-4D02-403E-9974-0A21B27703DE}
	EndGlobalSection
EndGlobal
